# This file is autogenerated, do not edit; changes may be undone by the next 'dep ensure'.


[[projects]]
  branch = "master"
  digest = "1:b9ed0475a5f2702704fba2d1f50dcaae426f090b05b4509ec86ddf7b0965cd5c"
  name = "dmitri.shuralyov.com/text/kebabcase"
  packages = ["."]
  pruneopts = "UT"
  revision = "40e40b42552a9cb37d6e98f4ad31f63ae53ea43a"

[[projects]]
  digest = "1:b16fbfbcc20645cb419f78325bb2e85ec729b338e996a228124d68931a6f2a37"
  name = "github.com/BurntSushi/toml"
  packages = ["."]
  pruneopts = "UT"
  revision = "b26d9c308763d68093482582cea63d69be07a0f0"
  version = "v0.3.0"

[[projects]]
  digest = "1:2aff5edb9bccd2974090fddb17ca7ab05a3f5c983db567c30c7f0b53404f5783"
  name = "github.com/ajg/form"
  packages = ["."]
  pruneopts = "UT"
  revision = "cc2954064ec9ea8d93917f0f87456e11d7b881ad"
  version = "v1.5"

[[projects]]
  branch = "master"
  digest = "1:568184e644ca0114e16fa472037e18bb23a8c0668f9da12f3d2b059e0c548637"
  name = "github.com/cockroachdb/cockroach-go"
  packages = ["crdb"]
  pruneopts = "UT"
  revision = "59c0560478b705bf9bd12f9252224a0fad7c87df"

[[projects]]
  digest = "1:a2c1d0e43bd3baaa071d1b9ed72c27d78169b2b269f71c105ac4ba34b1be4a39"
  name = "github.com/davecgh/go-spew"
  packages = ["spew"]
  pruneopts = "UT"
  revision = "346938d642f2ec3594ed81d874461961cd0faa76"
  version = "v1.1.0"

[[projects]]
  branch = "master"
  digest = "1:6f9339c912bbdda81302633ad7e99a28dfa5a639c864061f1929510a9a64aa74"
  name = "github.com/dustin/go-humanize"
  packages = ["."]
  pruneopts = "UT"
  revision = "9f541cc9db5d55bce703bd99987c9d5cb8eea45e"

[[projects]]
  digest = "1:865079840386857c809b72ce300be7580cb50d3d3129ce11bf9aa6ca2bc1934a"
  name = "github.com/fatih/color"
  packages = ["."]
  pruneopts = "UT"
  revision = "5b77d2a35fb0ede96d138fc9a99f5c9b6aef11b4"
  version = "v1.7.0"

[[projects]]
  digest = "1:ca82a3b99694824c627573c2a76d0e49719b4a9c02d1d85a2ac91f1c1f52ab9b"
  name = "github.com/fatih/structs"
  packages = ["."]
  pruneopts = "UT"
  revision = "a720dfa8df582c51dee1b36feabb906bde1588bd"
  version = "v1.0"

[[projects]]
  digest = "1:abeb38ade3f32a92943e5be54f55ed6d6e3b6602761d74b4aab4c9dd45c18abd"
  name = "github.com/fsnotify/fsnotify"
  packages = ["."]
  pruneopts = "UT"
  revision = "c2828203cd70a50dcccfb2761f8b1f8ceef9a8e9"
  version = "v1.4.7"

[[projects]]
  digest = "1:adea5a94903eb4384abef30f3d878dc9ff6b6b5b0722da25b82e5169216dfb61"
  name = "github.com/go-sql-driver/mysql"
  packages = ["."]
  pruneopts = "UT"
  revision = "d523deb1b23d913de5bdada721a6071e71283618"
  version = "v1.4.0"

[[projects]]
  digest = "1:7c0b0d1262ce0ef41e04dd97218c5adb7c81bc85d21b42bde0474ad04e952d54"
  name = "github.com/gobuffalo/buffalo"
  packages = [
    ".",
    "binding",
    "middleware",
    "middleware/csrf",
    "render",
    "servers",
    "worker",
  ]
  pruneopts = "UT"
  revision = "a98d8d494a063c87ad65c67dcd4b8d3d1d907c88"
  version = "v0.12.4"

[[projects]]
  digest = "1:3b38d215aa4fb6c4d10f44bed053cea84eacf901042e43b8fdfb68b33276b791"
  name = "github.com/gobuffalo/envy"
  packages = ["."]
  pruneopts = "UT"
  revision = "2d0f467653f3d961ce9ada4d32a230bdcb3bfe11"
  version = "v1.6.3"

[[projects]]
  digest = "1:0d815450984636f4fc850cb7ac0aca104a02a462343ce51b4f4051a346339dbb"
  name = "github.com/gobuffalo/fizz"
  packages = [
    ".",
    "translators",
  ]
  pruneopts = "UT"
  revision = "54d7726bb158adcfe497efef76aad89fab037f2e"
  version = "v1.0.4"

[[projects]]
  digest = "1:ee42a56fbd096701a7ed8c87c2a19b40a7773d5ec000b32c0736fd49305693c9"
  name = "github.com/gobuffalo/makr"
  packages = ["."]
  pruneopts = "UT"
  revision = "2f752af1831478b8c496635cb46b947811097061"
  version = "v1.1.0"

[[projects]]
  digest = "1:2155aded3b7f51598751f556d9a524d92b35ad4aa4bb41f2d69a0f4ca76a5bfd"
  name = "github.com/gobuffalo/packr"
  packages = ["."]
  pruneopts = "UT"
  revision = "9e76dbe10b00dd1fa8f29cfa4fac72297beb32a4"
  version = "v1.12.1"

[[projects]]
  digest = "1:b3807dd9e678441cd0a107054f8c3e4bb8983bed292ec195b1614b69d43a8d49"
  name = "github.com/gobuffalo/plush"
  packages = [
    ".",
    "ast",
    "lexer",
    "parser",
    "token",
  ]
  pruneopts = "UT"
  revision = "726a3d7f08d2665e95e495175ddb68da00868572"
  version = "v3.7.9"

[[projects]]
  digest = "1:90aab24be7aaf727b519e5e1b6ece34ff9e0985a06311f2fb3279779ca3e67d2"
  name = "github.com/gobuffalo/pop"
  packages = [
    ".",
    "associations",
    "columns",
    "fix",
    "nulls",
    "slices",
  ]
  pruneopts = "UT"
  revision = "c0faa0f7edf8c0db4befe9abc41d135003a97d53"
  version = "v4.6.2"

[[projects]]
  digest = "1:36e45673a776ba34e416c2287830ed86626b23cf3af04512536b19f6b04fb54d"
  name = "github.com/gobuffalo/suite"
  packages = [
    ".",
    "fix",
  ]
  pruneopts = "UT"
  revision = "e731d05da4535a4a3bd8f22fb7cd231d555e0a41"
  version = "v2.1.2"

[[projects]]
  digest = "1:20f46367dc905818a64aec83b44ede9f10b829211ed92b770a8c3b0db96b8ce8"
  name = "github.com/gobuffalo/tags"
  packages = [
    ".",
    "form",
    "form/bootstrap",
  ]
  pruneopts = "UT"
  revision = "96c7cdfcadcb28eb1b42b9080ba7f93936ffc5c5"
  version = "v2.0.7"

[[projects]]
  digest = "1:df80a8b65c7016a9091000c2271ef4fe02f046688efed112eba938eebc44786e"
  name = "github.com/gobuffalo/uuid"
  packages = ["."]
  pruneopts = "UT"
  revision = "788767dde529e4b1c0e078569ebe51dc6b2ad6dc"
  version = "v2.0.1"

[[projects]]
  digest = "1:b080741393dc2e2180b2230baa993644cf536121e770bc45b4b59b93bfb99cc5"
  name = "github.com/gobuffalo/validate"
  packages = [
    ".",
    "validators",
  ]
  pruneopts = "UT"
  revision = "42d8db6e06e617cdedcc7a849d6690a2cb5a8d28"
  version = "v2.0.0"

[[projects]]
  branch = "master"
  digest = "1:d30b9b88695a97661b6f914eba8e809d4df3c39bae9ffb1350e1e37a80a94f84"
  name = "github.com/gobuffalo/x"
  packages = [
    "httpx",
    "sessions",
  ]
  pruneopts = "UT"
  revision = "11ca13c05abd73167c56ed10f8874c7c7497f759"

[[projects]]
  digest = "1:15042ad3498153684d09f393bbaec6b216c8eec6d61f63dff711de7d64ed8861"
  name = "github.com/golang/protobuf"
  packages = ["proto"]
  pruneopts = "UT"
  revision = "b4deda0973fb4c70b50d226b1af49f3da59f5265"
  version = "v1.1.0"

[[projects]]
  digest = "1:c79fb010be38a59d657c48c6ba1d003a8aa651fa56b579d959d74573b7dff8e1"
  name = "github.com/gorilla/context"
  packages = ["."]
  pruneopts = "UT"
  revision = "08b5f424b9271eedf6f9f0ce86cb9396ed337a42"
  version = "v1.1.1"

[[projects]]
  digest = "1:e73f5b0152105f18bc131fba127d9949305c8693f8a762588a82a48f61756f5f"
  name = "github.com/gorilla/mux"
  packages = ["."]
  pruneopts = "UT"
  revision = "e3702bed27f0d39777b0b37b664b6280e8ef8fbf"
  version = "v1.6.2"

[[projects]]
  digest = "1:e72d1ebb8d395cf9f346fd9cbc652e5ae222dd85e0ac842dc57f175abed6d195"
  name = "github.com/gorilla/securecookie"
  packages = ["."]
  pruneopts = "UT"
  revision = "e59506cc896acb7f7bf732d4fdf5e25f7ccd8983"
  version = "v1.1.1"

[[projects]]
  digest = "1:0fe783ea0c04c7d13f7c55d8f74b01b17e18a8320e7deecf578b41ef99b27205"
  name = "github.com/gorilla/sessions"
  packages = ["."]
  pruneopts = "UT"
  revision = "03b6f63cc43ef9c7240a635a5e22b13180e822b8"
  version = "v1.1.1"

[[projects]]
  branch = "master"
  digest = "1:7654989089e5bd5b6734ec3be8b695e87d3f1f8d95620b343fd7d3995a5b60d7"
  name = "github.com/jmoiron/sqlx"
  packages = [
    ".",
    "reflectx",
  ]
  pruneopts = "UT"
  revision = "0dae4fefe7c0e190f7b5a78dac28a1c82cc8d849"

[[projects]]
  digest = "1:70e697d67ccaec45e16bac3a32380ebcd9e7e071079c60d0171d42cf1cf9748a"
  name = "github.com/joho/godotenv"
  packages = ["."]
  pruneopts = "UT"
  revision = "a79fa1e548e2c689c241d10173efd51e5d689d5b"
  version = "v1.2.0"

[[projects]]
  branch = "master"
  digest = "1:37ce7d7d80531b227023331002c0d42b4b4b291a96798c82a049d03a54ba79e4"
  name = "github.com/lib/pq"
  packages = [
    ".",
    "oid",
  ]
  pruneopts = "UT"
  revision = "90697d60dd844d5ef6ff15135d0203f65d2f53b8"

[[projects]]
  digest = "1:e86945a106decebfdcc3147dd3b50bda3959f29c7e9c7e0395bb73da9295b68c"
  name = "github.com/markbates/going"
  packages = [
    "defaults",
    "randx",
    "wait",
  ]
  pruneopts = "UT"
  revision = "0576708c56cea02331f864fe6e157ac7841923e4"
  version = "v1.0.0"

[[projects]]
  digest = "1:fecb0ae22407090e8cceb1b108d1f44576420f8450213c0f18416745d80504eb"
  name = "github.com/markbates/grift"
  packages = ["grift"]
  pruneopts = "UT"
  revision = "76f93617a788d350124f749acb3790276a436cc0"
  version = "v1.0.0"

[[projects]]
  digest = "1:ee507d64d378dab42383404914f805c93b18a967238b1e87d788824abb97f074"
  name = "github.com/markbates/hmax"
  packages = ["."]
  pruneopts = "UT"
  revision = "800e180dcd16937a4cc134c6aa8c8407e62ce880"
  version = "v1.0.0"

[[projects]]
  digest = "1:e60b8e2ad986a90b522fd74a87c4f5b3bb173c6a6bc5d88744d70cb0c760afdd"
  name = "github.com/markbates/inflect"
  packages = ["."]
  pruneopts = "UT"
  revision = "dd7de90c06bca70f18136e59dec2270c19a401e7"
  version = "v1.0.0"

[[projects]]
  digest = "1:3de28d8afd4be7b64d73ea07d7d73482e14bf84d35bc0225c1463583fb15f146"
  name = "github.com/markbates/refresh"
  packages = [
    "refresh",
    "refresh/web",
  ]
  pruneopts = "UT"
  revision = "e1959f9df4acd56656997ab3ca6ce88f36e39b0c"
  version = "v1.4.1"

[[projects]]
  digest = "1:1f74d2e87dec3e6d4ddbfc8bf23f9b89be85903131c2ebbb6557eb2ec646bc28"
  name = "github.com/markbates/sigtx"
  packages = ["."]
  pruneopts = "UT"
  revision = "daa2e5f08161c569ca3d938d70750ccd038daf16"
  version = "v1.0.0"

[[projects]]
  digest = "1:e4453907a4160a236482b86b808769637512173e5bb774d5ca8e02a653d9d5b1"
  name = "github.com/markbates/willie"
  packages = ["."]
  pruneopts = "UT"
  revision = "0c170e37efa685c5d01e5f71998e9cc3816f659b"
  version = "v1.0.2"

[[projects]]
  digest = "1:c658e84ad3916da105a761660dcaeb01e63416c8ec7bc62256a9b411a05fcd67"
  name = "github.com/mattn/go-colorable"
  packages = ["."]
  pruneopts = "UT"
  revision = "167de6bfdfba052fa6b2d3664c8f5272e23c9072"
  version = "v0.0.9"

[[projects]]
  digest = "1:d4d17353dbd05cb52a2a52b7fe1771883b682806f68db442b436294926bbfafb"
  name = "github.com/mattn/go-isatty"
  packages = ["."]
  pruneopts = "UT"
  revision = "0360b2af4f38e8d38c7fce2a9f4e702702d73a39"
  version = "v0.0.3"

[[projects]]
  digest = "1:3cafc6a5a1b8269605d9df4c6956d43d8011fc57f266ca6b9d04da6c09dee548"
  name = "github.com/mattn/go-sqlite3"
  packages = ["."]
  pruneopts = "UT"
  revision = "25ecb14adfc7543176f7d85291ec7dba82c6f7e4"
  version = "v1.9.0"

[[projects]]
  digest = "1:a1f5a38c6c82d8f1e8a7b9fb9ea8b125b17188cdfb38f2cd08055ff9b51f5ec4"
  name = "github.com/microcosm-cc/bluemonday"
  packages = ["."]
  pruneopts = "UT"
  revision = "dafebb5b6ff2861a0d69af64991e10866c19be85"
  version = "v1.0.0"

[[projects]]
  branch = "master"
  digest = "1:c7354463195544b1ab3c1f1fadb41430947f5d28dfbf2cdbd38268c5717a5a03"
  name = "github.com/mitchellh/go-homedir"
  packages = ["."]
  pruneopts = "UT"
  revision = "58046073cbffe2f25d425fe1331102f55cf719de"

[[projects]]
  digest = "1:30f6835ed5d00fc8a0213e41d12ee651b0bee984499ce57c5318a58e29ee9d9f"
  name = "github.com/monoculum/formam"
  packages = ["."]
  pruneopts = "UT"
  revision = "99ca9dcbaca6d91e9665f817d0da23af6184ced3"
  version = "v3.0"

[[projects]]
  digest = "1:40e195917a951a8bf867cd05de2a46aaf1806c50cf92eebf4c16f78cd196f747"
  name = "github.com/pkg/errors"
  packages = ["."]
  pruneopts = "UT"
  revision = "645ef00459ed84a119197bfb8d8205042c6df63d"
  version = "v0.8.0"

[[projects]]
  digest = "1:0028cb19b2e4c3112225cd871870f2d9cf49b9b4276531f03438a88e94be86fe"
  name = "github.com/pmezard/go-difflib"
  packages = ["difflib"]
  pruneopts = "UT"
  revision = "792786c7400a136282c1664665ae0a8db921c6c2"
  version = "v1.0.0"

[[projects]]
  digest = "1:0b8dd7447e420afff0260179dc892711e837edd1d446bc78dab924624a3c3c81"
  name = "github.com/rs/cors"
  packages = ["."]
  pruneopts = "UT"
  revision = "3fb1b69b103a84de38a19c3c6ec073dd6caa4d3f"
  version = "v1.5.0"

[[projects]]
  digest = "1:d823cf8863c515f10fe9084d9688e8cf01084fd83dd11bcb67e13162c30b3a4a"
  name = "github.com/rs/zerolog"
  packages = [
    ".",
    "internal/cbor",
    "internal/json",
    "log",
  ]
  pruneopts = "UT"
  revision = "77db4b4f350e31be66a57c332acb7721cf9ff9bb"
  version = "v1.8.0"

[[projects]]
  branch = "master"
  digest = "1:104cd1816844022392e00df97a4c673449c8aea7a841f13f7ccc84f0cc26925a"
  name = "github.com/russross/blackfriday"
  packages = ["."]
  pruneopts = "UT"
  revision = "46c73eb196baff5bb07288f245b223bd1a30fba6"

[[projects]]
  branch = "master"
  digest = "1:efa124a0ca36a35cc1a1b472cb0fa2be1e7d9fd1db0f8bc9a042e42e4c6405aa"
  name = "github.com/serenize/snaker"
  packages = ["."]
  pruneopts = "UT"
  revision = "a683aaf2d516deecd70cad0c72e3ca773ecfcef0"

[[projects]]
  digest = "1:d917313f309bda80d27274d53985bc65651f81a5b66b820749ac7f8ef061fd04"
  name = "github.com/sergi/go-diff"
  packages = ["diffmatchpatch"]
  pruneopts = "UT"
  revision = "1744e2970ca51c86172c8190fadad617561ed6e7"
  version = "v1.0.0"

[[projects]]
  branch = "master"
  digest = "1:6d6af6ab76763d93bf0ea3cf6647c6069aa1b2804553b2a1107fb1851e78860c"
  name = "github.com/shurcooL/github_flavored_markdown"
  packages = ["."]
  pruneopts = "UT"
  revision = "8913699a52e3aa02aa96387098e0004bb84aacf0"

[[projects]]
  branch = "master"
  digest = "1:a1562fb3021983f533a27d02ebf36f1bc1ab327660d611d6e948970b54087792"
  name = "github.com/shurcooL/githubv4"
  packages = ["."]
  pruneopts = "UT"
  revision = "19298c78142b5fe80c2cdaa2091bc51cbc3a94fc"

[[projects]]
  branch = "master"
  digest = "1:cb0087706a932ab60d1d144375d08e2ceb6b17740955fb860e85d953a1a7963e"
  name = "github.com/shurcooL/go"
  packages = [
    "ctxhttp",
    "parserutil",
    "printerutil",
    "reflectfind",
    "reflectsource",
  ]
  pruneopts = "UT"
  revision = "9e1955d9fb6e1ee2345ba1f5e71669263e719e27"

[[projects]]
  branch = "master"
  digest = "1:c347b6831c73fad4137117fb7e2cf1bc7ff03206ddcd7fb184e9af4fc96fa5b6"
  name = "github.com/shurcooL/go-goon"
  packages = ["."]
  pruneopts = "UT"
  revision = "37c2f522c041b74919a9e5e3a6c5c47eb34730a5"

[[projects]]
  branch = "master"
  digest = "1:a8f210a8beb6984176d56d38660ac0116f79d8c337db1caa136d4bbc13348c92"
  name = "github.com/shurcooL/graphql"
  packages = [
    ".",
    "ident",
    "internal/jsonutil",
  ]
  pruneopts = "UT"
  revision = "62c9ce094e75302d560f7adcdf16c06d05aaa958"

[[projects]]
  branch = "master"
  digest = "1:d32f7d66b5b3598d2d6651a457972e0149f3315d26426b6e0440cf14c816c93d"
  name = "github.com/shurcooL/highlight_diff"
  packages = ["."]
  pruneopts = "UT"
  revision = "09bb4053de1b1d872a9f25dc21378fa71dca4e4e"

[[projects]]
  branch = "master"
  digest = "1:a2a9646521c0f00b6a9b27b7536a05407d72135def06d5bb3649101a051c4d15"
  name = "github.com/shurcooL/highlight_go"
  packages = ["."]
  pruneopts = "UT"
  revision = "78fb10f4a5f89e812a5e26ab723b954a51226086"

[[projects]]
  branch = "master"
  digest = "1:9604d25dbd1fbcfaaa02d6611c8b1afc07011bc6c0ae853ffe84115267d3503a"
  name = "github.com/shurcooL/octicon"
  packages = ["."]
  pruneopts = "UT"
  revision = "c42b0e3b24d96976ecac81ef691662777b39ef64"

[[projects]]
  branch = "master"
  digest = "1:def689e73e9252f6f7fe66834a76751a41b767e03daab299e607e7226c58a855"
  name = "github.com/shurcooL/sanitized_anchor_name"
  packages = ["."]
  pruneopts = "UT"
  revision = "86672fcb3f950f35f2e675df2240550f2a50762f"

[[projects]]
  digest = "1:d867dfa6751c8d7a435821ad3b736310c2ed68945d05b50fb9d23aee0540c8cc"
  name = "github.com/sirupsen/logrus"
  packages = ["."]
  pruneopts = "UT"
  revision = "3e01752db0189b9157070a0e1668a620f9a85da2"
  version = "v1.0.6"

[[projects]]
  branch = "master"
  digest = "1:7d1a56d6e478d101047b32fe6ea432966db16867a3984b53bef75e3c160087b1"
  name = "github.com/sourcegraph/annotate"
  packages = ["."]
  pruneopts = "UT"
  revision = "f4cad6c6324d3f584e1743d8b3e0e017a5f3a636"

[[projects]]
  branch = "master"
  digest = "1:9df4f012b99e1ea84cd1c3c29874cfb541b9726be43c62f05feef3a85e300688"
  name = "github.com/sourcegraph/syntaxhighlight"
  packages = ["."]
  pruneopts = "UT"
  revision = "bd320f5d308e1a3c4314c678d8227a0d72574ae7"

[[projects]]
  digest = "1:5110e3d4f130772fd39e6ce8208ad1955b242ccfcc8ad9d158857250579c82f4"
  name = "github.com/stretchr/testify"
  packages = [
    "assert",
    "require",
    "suite",
  ]
  pruneopts = "UT"
  revision = "f35b8ab0b5a2cef36673838d662e249dd9c94686"
  version = "v1.2.2"

[[projects]]
  branch = "master"
  digest = "1:001a4e7a40e50ff2ef32e2556bca50c4f77daa457db3ac6afc8bea9bb2122cfb"
  name = "golang.org/x/crypto"
  packages = [
    "bcrypt",
    "blowfish",
    "ssh/terminal",
  ]
  pruneopts = "UT"
  revision = "56440b844dfe139a8ac053f4ecac0b20b79058f4"

[[projects]]
  branch = "master"
  digest = "1:01b95c545812ebf9e1fd9af889a369812099e84933171eeeeb6d1f93e1b34173"
  name = "golang.org/x/net"
  packages = [
    "context",
    "context/ctxhttp",
    "html",
    "html/atom",
  ]
  pruneopts = "UT"
  revision = "f4c29de78a2a91c00474a2e689954305c350adf9"

[[projects]]
  branch = "master"
  digest = "1:af19f6e6c369bf51ef226e989034cd88a45083173c02ac4d7ab74c9a90d356b7"
  name = "golang.org/x/oauth2"
  packages = [
    ".",
    "internal",
  ]
  pruneopts = "UT"
  revision = "3d292e4d0cdc3a0113e6d207bb137145ef1de42f"

[[projects]]
  branch = "master"
  digest = "1:39ebcc2b11457b703ae9ee2e8cca0f68df21969c6102cb3b705f76cca0ea0239"
  name = "golang.org/x/sync"
  packages = ["errgroup"]
  pruneopts = "UT"
  revision = "1d60e4601c6fd243af51cc01ddf169918a5407ca"

[[projects]]
  branch = "master"
  digest = "1:bdd70b95d2f0faaad6d9e259aad84738c6bdeb8f45245be6487e88df45f5a0f1"
  name = "golang.org/x/sys"
  packages = [
    "unix",
    "windows",
  ]
  pruneopts = "UT"
  revision = "0ffbfd41fbef8ffcf9b62b0b0aa3a5873ed7a4fe"

[[projects]]
  digest = "1:755439cf7485becab131d53cf52110d801bc6ee16132be8193e229a32dbf815c"
  name = "google.golang.org/appengine"
  packages = [
    "cloudsql",
    "internal",
    "internal/base",
    "internal/datastore",
    "internal/log",
    "internal/remote_api",
    "internal/urlfetch",
    "urlfetch",
  ]
  pruneopts = "UT"
  revision = "b1f26356af11148e710935ed1ac8a7f5702c7612"
  version = "v1.1.0"

[[projects]]
  digest = "1:342378ac4dcb378a5448dd723f0784ae519383532f5e70ade24132c4c8693202"
  name = "gopkg.in/yaml.v2"
  packages = ["."]
  pruneopts = "UT"
  revision = "5420a8b6744d3b0345ab293f6fcba19c978f1183"
  version = "v2.2.1"

[solve-meta]
  analyzer-name = "dep"
  analyzer-version = 1
  input-imports = [
    "github.com/gobuffalo/buffalo",
    "github.com/gobuffalo/buffalo/middleware",
    "github.com/gobuffalo/buffalo/render",
    "github.com/gobuffalo/envy",
    "github.com/gobuffalo/packr",
    "github.com/gobuffalo/pop",
    "github.com/gobuffalo/pop/nulls",
    "github.com/gobuffalo/pop/slices",
    "github.com/gobuffalo/suite",
    "github.com/gobuffalo/uuid",
    "github.com/gobuffalo/validate",
    "github.com/gobuffalo/validate/validators",
    "github.com/gobuffalo/x/sessions",
    "github.com/markbates/grift/grift",
    "github.com/pkg/errors",
    "github.com/rs/cors",
    "github.com/rs/zerolog/log",
    "github.com/shurcooL/githubv4",
    "golang.org/x/oauth2",
  ]
  solver-name = "gps-cdcl"
  solver-version = 1
